// !$*UTF8*$!
{
	archiveVersion = 1;
	classes = {
	};
	objectVersion = 46;
	objects = {

/* Begin PBXBuildFile section */
		435DF8822094C87900E44793 /* Main.storyboard in Resources */ = {isa = PBXBuildFile; fileRef = 435DF8802094C87900E44793 /* Main.storyboard */; };
		435DF8842094C87C00E44793 /* Assets.xcassets in Resources */ = {isa = PBXBuildFile; fileRef = 435DF8832094C87C00E44793 /* Assets.xcassets */; };
		435DF8B12094DB0300E44793 /* movie2.jpg in Resources */ = {isa = PBXBuildFile; fileRef = 435DF8AA2094DB0300E44793 /* movie2.jpg */; };
		435DF8B22094DB0300E44793 /* movie3.jpg in Resources */ = {isa = PBXBuildFile; fileRef = 435DF8AB2094DB0300E44793 /* movie3.jpg */; };
		435DF8B32094DB0300E44793 /* movie1.jpg in Resources */ = {isa = PBXBuildFile; fileRef = 435DF8AC2094DB0300E44793 /* movie1.jpg */; };
		435DF8B42094DB0300E44793 /* movie4.jpg in Resources */ = {isa = PBXBuildFile; fileRef = 435DF8AD2094DB0300E44793 /* movie4.jpg */; };
		435DF8B52094DB0300E44793 /* movie5.jpg in Resources */ = {isa = PBXBuildFile; fileRef = 435DF8AE2094DB0300E44793 /* movie5.jpg */; };
		435DF8B72094DB0300E44793 /* movie6.jpg in Resources */ = {isa = PBXBuildFile; fileRef = 435DF8B02094DB0300E44793 /* movie6.jpg */; };
		435DF8B92094DFA500E44793 /* movie0.jpg in Resources */ = {isa = PBXBuildFile; fileRef = 435DF8B82094DFA500E44793 /* movie0.jpg */; };
		435DF8C92094EC5D00E44793 /* AppDelegate.swift in Sources */ = {isa = PBXBuildFile; fileRef = 435DF8C52094EC5D00E44793 /* AppDelegate.swift */; };
		435DF8CF2094EC8300E44793 /* DashboardViewController.swift in Sources */ = {isa = PBXBuildFile; fileRef = 435DF8CB2094EC8300E44793 /* DashboardViewController.swift */; };
		4389618B209A7B9900A0FC7D /* MovieDetailViewController.swift in Sources */ = {isa = PBXBuildFile; fileRef = 43896189209A7B9900A0FC7D /* MovieDetailViewController.swift */; };
		4389618C209A7B9900A0FC7D /* MovieDetailViewController.xib in Resources */ = {isa = PBXBuildFile; fileRef = 4389618A209A7B9900A0FC7D /* MovieDetailViewController.xib */; };
		4389618E209A7BCB00A0FC7D /* MoviePosterCell.swift in Sources */ = {isa = PBXBuildFile; fileRef = 4389618D209A7BCB00A0FC7D /* MoviePosterCell.swift */; };
		43896190209A7C1600A0FC7D /* MovieData.swift in Sources */ = {isa = PBXBuildFile; fileRef = 4389618F209A7C1600A0FC7D /* MovieData.swift */; };
		49A14481C8A8B276745490DA /* Pods_EasyTransitions_Example.framework in Frameworks */ = {isa = PBXBuildFile; fileRef = 65100B46AB43FDD270667D05 /* Pods_EasyTransitions_Example.framework */; };
		607FACD61AFB9204008FA782 /* AppDelegate.swift in Sources */ = {isa = PBXBuildFile; fileRef = 607FACD51AFB9204008FA782 /* AppDelegate.swift */; };
		607FACDD1AFB9204008FA782 /* Images.xcassets in Resources */ = {isa = PBXBuildFile; fileRef = 607FACDC1AFB9204008FA782 /* Images.xcassets */; };
		607FACE01AFB9204008FA782 /* LaunchScreen.xib in Resources */ = {isa = PBXBuildFile; fileRef = 607FACDE1AFB9204008FA782 /* LaunchScreen.xib */; };
		607FACEC1AFB9204008FA782 /* Tests.swift in Sources */ = {isa = PBXBuildFile; fileRef = 607FACEB1AFB9204008FA782 /* Tests.swift */; };
		AEC652E5417A7CD20F019E20 /* Pods_EasyTransitions_Tests.framework in Frameworks */ = {isa = PBXBuildFile; fileRef = 9FDB7DBBF3E916EFA4DC8DF1 /* Pods_EasyTransitions_Tests.framework */; };
		E671CB073F0A1EE5E1E8890E /* Pods_EasyTransitionTVOS.framework in Frameworks */ = {isa = PBXBuildFile; fileRef = 601251CF72C9DBA5A0881BBD /* Pods_EasyTransitionTVOS.framework */; };
		FB0548EA207F98B500BC37C1 /* GalleryTableViewController.swift in Sources */ = {isa = PBXBuildFile; fileRef = FB0548E9207F98B500BC37C1 /* GalleryTableViewController.swift */; };
		FB0548ED207F98CE00BC37C1 /* GalleryTableViewCell.swift in Sources */ = {isa = PBXBuildFile; fileRef = FB0548EB207F98CE00BC37C1 /* GalleryTableViewCell.swift */; };
		FB0548EE207F98CE00BC37C1 /* GalleryTableViewCell.xib in Resources */ = {isa = PBXBuildFile; fileRef = FB0548EC207F98CE00BC37C1 /* GalleryTableViewCell.xib */; };
		FB0548F0207FA01B00BC37C1 /* GalleryItem.swift in Sources */ = {isa = PBXBuildFile; fileRef = FB0548EF207FA01B00BC37C1 /* GalleryItem.swift */; };
		FB0548F3207FA5BE00BC37C1 /* CGAffineTransform + Custom.swift in Sources */ = {isa = PBXBuildFile; fileRef = FB0548F2207FA5BE00BC37C1 /* CGAffineTransform + Custom.swift */; };
		FB0548F7207FA84700BC37C1 /* CollectionViewController.swift in Sources */ = {isa = PBXBuildFile; fileRef = FB0548F6207FA84700BC37C1 /* CollectionViewController.swift */; };
		FB0548FA207FA85D00BC37C1 /* ImageCollectionViewCell.swift in Sources */ = {isa = PBXBuildFile; fileRef = FB0548F8207FA85D00BC37C1 /* ImageCollectionViewCell.swift */; };
		FB0548FB207FA85D00BC37C1 /* ImageCollectionViewCell.xib in Resources */ = {isa = PBXBuildFile; fileRef = FB0548F9207FA85D00BC37C1 /* ImageCollectionViewCell.xib */; };
		FB201308208B785300549076 /* BasePresentationViewController.swift in Sources */ = {isa = PBXBuildFile; fileRef = FB201307208B785300549076 /* BasePresentationViewController.swift */; };
		FB20130B208B786000549076 /* PresentationViewController.swift in Sources */ = {isa = PBXBuildFile; fileRef = FB201309208B786000549076 /* PresentationViewController.swift */; };
		FB20130C208B786000549076 /* PresentationViewController.xib in Resources */ = {isa = PBXBuildFile; fileRef = FB20130A208B786000549076 /* PresentationViewController.xib */; };
		FB29323F207A64DE00223747 /* UICollectionView + OrderedCells.swift in Sources */ = {isa = PBXBuildFile; fileRef = FB29323E207A64DE00223747 /* UICollectionView + OrderedCells.swift */; };
		FB293244207A6C7A00223747 /* FunctionalEnumerated.swift in Sources */ = {isa = PBXBuildFile; fileRef = FB293243207A6C7A00223747 /* FunctionalEnumerated.swift */; };
		FB29324E207A8ECA00223747 /* CircularImageView.swift in Sources */ = {isa = PBXBuildFile; fileRef = FB29324D207A8ECA00223747 /* CircularImageView.swift */; };
		FB756F372078D3ED00C40C0A /* ReusableCells.swift in Sources */ = {isa = PBXBuildFile; fileRef = FB756F352078D3ED00C40C0A /* ReusableCells.swift */; };
		FB756F382078D3ED00C40C0A /* NibLoadbleView.swift in Sources */ = {isa = PBXBuildFile; fileRef = FB756F362078D3ED00C40C0A /* NibLoadbleView.swift */; };
		FB756F3F2078D40900C40C0A /* AppDetailViewController.xib in Resources */ = {isa = PBXBuildFile; fileRef = FB756F3A2078D40900C40C0A /* AppDetailViewController.xib */; };
		FB756F412078D40900C40C0A /* TodayCollectionViewController.swift in Sources */ = {isa = PBXBuildFile; fileRef = FB756F3C2078D40900C40C0A /* TodayCollectionViewController.swift */; };
		FB756F422078D40900C40C0A /* AppDetailViewController.swift in Sources */ = {isa = PBXBuildFile; fileRef = FB756F3D2078D40900C40C0A /* AppDetailViewController.swift */; };
		FB756F472078D42300C40C0A /* iOSIconImageView.swift in Sources */ = {isa = PBXBuildFile; fileRef = FB756F452078D42200C40C0A /* iOSIconImageView.swift */; };
		FB756F482078D42300C40C0A /* RoundCornersButton.swift in Sources */ = {isa = PBXBuildFile; fileRef = FB756F462078D42300C40C0A /* RoundCornersButton.swift */; };
		FB756F4E2078D43700C40C0A /* CardViewDelegate.swift in Sources */ = {isa = PBXBuildFile; fileRef = FB756F4A2078D43700C40C0A /* CardViewDelegate.swift */; };
		FB756F4F2078D43700C40C0A /* CardView.swift in Sources */ = {isa = PBXBuildFile; fileRef = FB756F4B2078D43700C40C0A /* CardView.swift */; };
		FB756F502078D43700C40C0A /* CardView.xib in Resources */ = {isa = PBXBuildFile; fileRef = FB756F4C2078D43700C40C0A /* CardView.xib */; };
		FB756F552078D44E00C40C0A /* TodayCollectionViewCell.xib in Resources */ = {isa = PBXBuildFile; fileRef = FB756F532078D44E00C40C0A /* TodayCollectionViewCell.xib */; };
		FB756F562078D44E00C40C0A /* TodayCollectionViewCell.swift in Sources */ = {isa = PBXBuildFile; fileRef = FB756F542078D44E00C40C0A /* TodayCollectionViewCell.swift */; };
		FB756F5B2078D46A00C40C0A /* UIView + ShadowStyle.swift in Sources */ = {isa = PBXBuildFile; fileRef = FB756F592078D46A00C40C0A /* UIView + ShadowStyle.swift */; };
		FB756F5C2078D46A00C40C0A /* ShadowStyle.swift in Sources */ = {isa = PBXBuildFile; fileRef = FB756F5A2078D46A00C40C0A /* ShadowStyle.swift */; };
		FB756F612078D48100C40C0A /* NSLayoutConstraint + Multiplier.swift in Sources */ = {isa = PBXBuildFile; fileRef = FB756F5F2078D48100C40C0A /* NSLayoutConstraint + Multiplier.swift */; };
		FB756F622078D48100C40C0A /* UIWindow + SafeArea.swift in Sources */ = {isa = PBXBuildFile; fileRef = FB756F602078D48100C40C0A /* UIWindow + SafeArea.swift */; };
/* End PBXBuildFile section */

/* Begin PBXContainerItemProxy section */
		607FACE61AFB9204008FA782 /* PBXContainerItemProxy */ = {
			isa = PBXContainerItemProxy;
			containerPortal = 607FACC81AFB9204008FA782 /* Project object */;
			proxyType = 1;
			remoteGlobalIDString = 607FACCF1AFB9204008FA782;
			remoteInfo = EasyTransitions;
		};
/* End PBXContainerItemProxy section */

/* Begin PBXFileReference section */
		16A85F76532608850F963DC3 /* Pods-EasyTransitions_Example.debug.xcconfig */ = {isa = PBXFileReference; includeInIndex = 1; lastKnownFileType = text.xcconfig; name = "Pods-EasyTransitions_Example.debug.xcconfig"; path = "Pods/Target Support Files/Pods-EasyTransitions_Example/Pods-EasyTransitions_Example.debug.xcconfig"; sourceTree = "<group>"; };
		2C51D38B2F4A1002C181AB86 /* EasyTransitions.podspec */ = {isa = PBXFileReference; includeInIndex = 1; lastKnownFileType = text; name = EasyTransitions.podspec; path = ../EasyTransitions.podspec; sourceTree = "<group>"; xcLanguageSpecificationIdentifier = xcode.lang.ruby; };
		30DEC79CCF74534776C7743A /* Pods-EasyTransitions_Tests.release.xcconfig */ = {isa = PBXFileReference; includeInIndex = 1; lastKnownFileType = text.xcconfig; name = "Pods-EasyTransitions_Tests.release.xcconfig"; path = "Pods/Target Support Files/Pods-EasyTransitions_Tests/Pods-EasyTransitions_Tests.release.xcconfig"; sourceTree = "<group>"; };
		39D38C59D9D6365C92731574 /* Pods-EasyTransitionTVOS.debug.xcconfig */ = {isa = PBXFileReference; includeInIndex = 1; lastKnownFileType = text.xcconfig; name = "Pods-EasyTransitionTVOS.debug.xcconfig"; path = "Pods/Target Support Files/Pods-EasyTransitionTVOS/Pods-EasyTransitionTVOS.debug.xcconfig"; sourceTree = "<group>"; };
		3D2E4CA5EC483B251F6C0B21 /* Pods-EasyTransitions_Tests.debug.xcconfig */ = {isa = PBXFileReference; includeInIndex = 1; lastKnownFileType = text.xcconfig; name = "Pods-EasyTransitions_Tests.debug.xcconfig"; path = "Pods/Target Support Files/Pods-EasyTransitions_Tests/Pods-EasyTransitions_Tests.debug.xcconfig"; sourceTree = "<group>"; };
		435DF87A2094C87900E44793 /* EasyTransitionTVOS.app */ = {isa = PBXFileReference; explicitFileType = wrapper.application; includeInIndex = 0; path = EasyTransitionTVOS.app; sourceTree = BUILT_PRODUCTS_DIR; };
		435DF8812094C87900E44793 /* Base */ = {isa = PBXFileReference; lastKnownFileType = file.storyboard; name = Base; path = Base.lproj/Main.storyboard; sourceTree = "<group>"; };
		435DF8832094C87C00E44793 /* Assets.xcassets */ = {isa = PBXFileReference; lastKnownFileType = folder.assetcatalog; path = Assets.xcassets; sourceTree = "<group>"; };
		435DF8852094C87C00E44793 /* Info.plist */ = {isa = PBXFileReference; lastKnownFileType = text.plist.xml; path = Info.plist; sourceTree = "<group>"; };
		435DF8AA2094DB0300E44793 /* movie2.jpg */ = {isa = PBXFileReference; lastKnownFileType = image.jpeg; path = movie2.jpg; sourceTree = "<group>"; };
		435DF8AB2094DB0300E44793 /* movie3.jpg */ = {isa = PBXFileReference; lastKnownFileType = image.jpeg; path = movie3.jpg; sourceTree = "<group>"; };
		435DF8AC2094DB0300E44793 /* movie1.jpg */ = {isa = PBXFileReference; lastKnownFileType = image.jpeg; path = movie1.jpg; sourceTree = "<group>"; };
		435DF8AD2094DB0300E44793 /* movie4.jpg */ = {isa = PBXFileReference; lastKnownFileType = image.jpeg; path = movie4.jpg; sourceTree = "<group>"; };
		435DF8AE2094DB0300E44793 /* movie5.jpg */ = {isa = PBXFileReference; lastKnownFileType = image.jpeg; path = movie5.jpg; sourceTree = "<group>"; };
		435DF8B02094DB0300E44793 /* movie6.jpg */ = {isa = PBXFileReference; lastKnownFileType = image.jpeg; path = movie6.jpg; sourceTree = "<group>"; };
		435DF8B82094DFA500E44793 /* movie0.jpg */ = {isa = PBXFileReference; lastKnownFileType = image.jpeg; path = movie0.jpg; sourceTree = "<group>"; };
		435DF8C52094EC5D00E44793 /* AppDelegate.swift */ = {isa = PBXFileReference; fileEncoding = 4; lastKnownFileType = sourcecode.swift; path = AppDelegate.swift; sourceTree = "<group>"; };
		435DF8CB2094EC8300E44793 /* DashboardViewController.swift */ = {isa = PBXFileReference; fileEncoding = 4; lastKnownFileType = sourcecode.swift; path = DashboardViewController.swift; sourceTree = "<group>"; };
		43896189209A7B9900A0FC7D /* MovieDetailViewController.swift */ = {isa = PBXFileReference; fileEncoding = 4; lastKnownFileType = sourcecode.swift; path = MovieDetailViewController.swift; sourceTree = "<group>"; };
		4389618A209A7B9900A0FC7D /* MovieDetailViewController.xib */ = {isa = PBXFileReference; fileEncoding = 4; lastKnownFileType = file.xib; path = MovieDetailViewController.xib; sourceTree = "<group>"; };
		4389618D209A7BCB00A0FC7D /* MoviePosterCell.swift */ = {isa = PBXFileReference; lastKnownFileType = sourcecode.swift; path = MoviePosterCell.swift; sourceTree = "<group>"; };
		4389618F209A7C1600A0FC7D /* MovieData.swift */ = {isa = PBXFileReference; lastKnownFileType = sourcecode.swift; path = MovieData.swift; sourceTree = "<group>"; };
		510C8401172A49E994AE894A /* LICENSE */ = {isa = PBXFileReference; includeInIndex = 1; lastKnownFileType = text; name = LICENSE; path = ../LICENSE; sourceTree = "<group>"; };
		601251CF72C9DBA5A0881BBD /* Pods_EasyTransitionTVOS.framework */ = {isa = PBXFileReference; explicitFileType = wrapper.framework; includeInIndex = 0; path = Pods_EasyTransitionTVOS.framework; sourceTree = BUILT_PRODUCTS_DIR; };
		607FACD01AFB9204008FA782 /* EasyTransitions_Example.app */ = {isa = PBXFileReference; explicitFileType = wrapper.application; includeInIndex = 0; path = EasyTransitions_Example.app; sourceTree = BUILT_PRODUCTS_DIR; };
		607FACD41AFB9204008FA782 /* Info.plist */ = {isa = PBXFileReference; lastKnownFileType = text.plist.xml; path = Info.plist; sourceTree = "<group>"; };
		607FACD51AFB9204008FA782 /* AppDelegate.swift */ = {isa = PBXFileReference; lastKnownFileType = sourcecode.swift; path = AppDelegate.swift; sourceTree = "<group>"; };
		607FACDC1AFB9204008FA782 /* Images.xcassets */ = {isa = PBXFileReference; lastKnownFileType = folder.assetcatalog; path = Images.xcassets; sourceTree = "<group>"; };
		607FACDF1AFB9204008FA782 /* Base */ = {isa = PBXFileReference; lastKnownFileType = file.xib; name = Base; path = Base.lproj/LaunchScreen.xib; sourceTree = "<group>"; };
		607FACE51AFB9204008FA782 /* EasyTransitions_Tests.xctest */ = {isa = PBXFileReference; explicitFileType = wrapper.cfbundle; includeInIndex = 0; path = EasyTransitions_Tests.xctest; sourceTree = BUILT_PRODUCTS_DIR; };
		607FACEA1AFB9204008FA782 /* Info.plist */ = {isa = PBXFileReference; lastKnownFileType = text.plist.xml; path = Info.plist; sourceTree = "<group>"; };
		607FACEB1AFB9204008FA782 /* Tests.swift */ = {isa = PBXFileReference; lastKnownFileType = sourcecode.swift; path = Tests.swift; sourceTree = "<group>"; };
		65100B46AB43FDD270667D05 /* Pods_EasyTransitions_Example.framework */ = {isa = PBXFileReference; explicitFileType = wrapper.framework; includeInIndex = 0; path = Pods_EasyTransitions_Example.framework; sourceTree = BUILT_PRODUCTS_DIR; };
		6961D27C11E8A36C5028514E /* README.md */ = {isa = PBXFileReference; includeInIndex = 1; lastKnownFileType = net.daringfireball.markdown; name = README.md; path = ../README.md; sourceTree = "<group>"; };
		7D2B78568DDE6CBFC64D87A3 /* Pods-EasyTransitionTVOS.release.xcconfig */ = {isa = PBXFileReference; includeInIndex = 1; lastKnownFileType = text.xcconfig; name = "Pods-EasyTransitionTVOS.release.xcconfig"; path = "Pods/Target Support Files/Pods-EasyTransitionTVOS/Pods-EasyTransitionTVOS.release.xcconfig"; sourceTree = "<group>"; };
		9FDB7DBBF3E916EFA4DC8DF1 /* Pods_EasyTransitions_Tests.framework */ = {isa = PBXFileReference; explicitFileType = wrapper.framework; includeInIndex = 0; path = Pods_EasyTransitions_Tests.framework; sourceTree = BUILT_PRODUCTS_DIR; };
		C51D28049D62F8D6165D6379 /* Pods-EasyTransitions_Example.release.xcconfig */ = {isa = PBXFileReference; includeInIndex = 1; lastKnownFileType = text.xcconfig; name = "Pods-EasyTransitions_Example.release.xcconfig"; path = "Pods/Target Support Files/Pods-EasyTransitions_Example/Pods-EasyTransitions_Example.release.xcconfig"; sourceTree = "<group>"; };
		FB0548E9207F98B500BC37C1 /* GalleryTableViewController.swift */ = {isa = PBXFileReference; lastKnownFileType = sourcecode.swift; path = GalleryTableViewController.swift; sourceTree = "<group>"; };
		FB0548EB207F98CE00BC37C1 /* GalleryTableViewCell.swift */ = {isa = PBXFileReference; lastKnownFileType = sourcecode.swift; path = GalleryTableViewCell.swift; sourceTree = "<group>"; };
		FB0548EC207F98CE00BC37C1 /* GalleryTableViewCell.xib */ = {isa = PBXFileReference; lastKnownFileType = file.xib; path = GalleryTableViewCell.xib; sourceTree = "<group>"; };
		FB0548EF207FA01B00BC37C1 /* GalleryItem.swift */ = {isa = PBXFileReference; lastKnownFileType = sourcecode.swift; path = GalleryItem.swift; sourceTree = "<group>"; };
		FB0548F2207FA5BE00BC37C1 /* CGAffineTransform + Custom.swift */ = {isa = PBXFileReference; lastKnownFileType = sourcecode.swift; path = "CGAffineTransform + Custom.swift"; sourceTree = "<group>"; };
		FB0548F6207FA84700BC37C1 /* CollectionViewController.swift */ = {isa = PBXFileReference; lastKnownFileType = sourcecode.swift; path = CollectionViewController.swift; sourceTree = "<group>"; };
		FB0548F8207FA85D00BC37C1 /* ImageCollectionViewCell.swift */ = {isa = PBXFileReference; lastKnownFileType = sourcecode.swift; path = ImageCollectionViewCell.swift; sourceTree = "<group>"; };
		FB0548F9207FA85D00BC37C1 /* ImageCollectionViewCell.xib */ = {isa = PBXFileReference; lastKnownFileType = file.xib; path = ImageCollectionViewCell.xib; sourceTree = "<group>"; };
		FB201307208B785300549076 /* BasePresentationViewController.swift */ = {isa = PBXFileReference; lastKnownFileType = sourcecode.swift; path = BasePresentationViewController.swift; sourceTree = "<group>"; };
		FB201309208B786000549076 /* PresentationViewController.swift */ = {isa = PBXFileReference; lastKnownFileType = sourcecode.swift; path = PresentationViewController.swift; sourceTree = "<group>"; };
		FB20130A208B786000549076 /* PresentationViewController.xib */ = {isa = PBXFileReference; lastKnownFileType = file.xib; path = PresentationViewController.xib; sourceTree = "<group>"; };
		FB29323E207A64DE00223747 /* UICollectionView + OrderedCells.swift */ = {isa = PBXFileReference; lastKnownFileType = sourcecode.swift; path = "UICollectionView + OrderedCells.swift"; sourceTree = "<group>"; };
		FB293243207A6C7A00223747 /* FunctionalEnumerated.swift */ = {isa = PBXFileReference; lastKnownFileType = sourcecode.swift; path = FunctionalEnumerated.swift; sourceTree = "<group>"; };
		FB29324D207A8ECA00223747 /* CircularImageView.swift */ = {isa = PBXFileReference; lastKnownFileType = sourcecode.swift; path = CircularImageView.swift; sourceTree = "<group>"; };
		FB756F352078D3ED00C40C0A /* ReusableCells.swift */ = {isa = PBXFileReference; fileEncoding = 4; lastKnownFileType = sourcecode.swift; path = ReusableCells.swift; sourceTree = "<group>"; };
		FB756F362078D3ED00C40C0A /* NibLoadbleView.swift */ = {isa = PBXFileReference; fileEncoding = 4; lastKnownFileType = sourcecode.swift; path = NibLoadbleView.swift; sourceTree = "<group>"; };
		FB756F3A2078D40900C40C0A /* AppDetailViewController.xib */ = {isa = PBXFileReference; fileEncoding = 4; lastKnownFileType = file.xib; path = AppDetailViewController.xib; sourceTree = "<group>"; };
		FB756F3C2078D40900C40C0A /* TodayCollectionViewController.swift */ = {isa = PBXFileReference; fileEncoding = 4; lastKnownFileType = sourcecode.swift; path = TodayCollectionViewController.swift; sourceTree = "<group>"; };
		FB756F3D2078D40900C40C0A /* AppDetailViewController.swift */ = {isa = PBXFileReference; fileEncoding = 4; lastKnownFileType = sourcecode.swift; path = AppDetailViewController.swift; sourceTree = "<group>"; };
		FB756F452078D42200C40C0A /* iOSIconImageView.swift */ = {isa = PBXFileReference; fileEncoding = 4; lastKnownFileType = sourcecode.swift; path = iOSIconImageView.swift; sourceTree = "<group>"; };
		FB756F462078D42300C40C0A /* RoundCornersButton.swift */ = {isa = PBXFileReference; fileEncoding = 4; lastKnownFileType = sourcecode.swift; path = RoundCornersButton.swift; sourceTree = "<group>"; };
		FB756F4A2078D43700C40C0A /* CardViewDelegate.swift */ = {isa = PBXFileReference; fileEncoding = 4; lastKnownFileType = sourcecode.swift; path = CardViewDelegate.swift; sourceTree = "<group>"; };
		FB756F4B2078D43700C40C0A /* CardView.swift */ = {isa = PBXFileReference; fileEncoding = 4; lastKnownFileType = sourcecode.swift; path = CardView.swift; sourceTree = "<group>"; };
		FB756F4C2078D43700C40C0A /* CardView.xib */ = {isa = PBXFileReference; fileEncoding = 4; lastKnownFileType = file.xib; path = CardView.xib; sourceTree = "<group>"; };
		FB756F532078D44E00C40C0A /* TodayCollectionViewCell.xib */ = {isa = PBXFileReference; fileEncoding = 4; lastKnownFileType = file.xib; path = TodayCollectionViewCell.xib; sourceTree = "<group>"; };
		FB756F542078D44E00C40C0A /* TodayCollectionViewCell.swift */ = {isa = PBXFileReference; fileEncoding = 4; lastKnownFileType = sourcecode.swift; path = TodayCollectionViewCell.swift; sourceTree = "<group>"; };
		FB756F592078D46A00C40C0A /* UIView + ShadowStyle.swift */ = {isa = PBXFileReference; fileEncoding = 4; lastKnownFileType = sourcecode.swift; path = "UIView + ShadowStyle.swift"; sourceTree = "<group>"; };
		FB756F5A2078D46A00C40C0A /* ShadowStyle.swift */ = {isa = PBXFileReference; fileEncoding = 4; lastKnownFileType = sourcecode.swift; path = ShadowStyle.swift; sourceTree = "<group>"; };
		FB756F5F2078D48100C40C0A /* NSLayoutConstraint + Multiplier.swift */ = {isa = PBXFileReference; fileEncoding = 4; lastKnownFileType = sourcecode.swift; path = "NSLayoutConstraint + Multiplier.swift"; sourceTree = "<group>"; };
		FB756F602078D48100C40C0A /* UIWindow + SafeArea.swift */ = {isa = PBXFileReference; fileEncoding = 4; lastKnownFileType = sourcecode.swift; path = "UIWindow + SafeArea.swift"; sourceTree = "<group>"; };
/* End PBXFileReference section */

/* Begin PBXFrameworksBuildPhase section */
		435DF8772094C87900E44793 /* Frameworks */ = {
			isa = PBXFrameworksBuildPhase;
			buildActionMask = 2147483647;
			files = (
				E671CB073F0A1EE5E1E8890E /* Pods_EasyTransitionTVOS.framework in Frameworks */,
			);
			runOnlyForDeploymentPostprocessing = 0;
		};
		607FACCD1AFB9204008FA782 /* Frameworks */ = {
			isa = PBXFrameworksBuildPhase;
			buildActionMask = 2147483647;
			files = (
				49A14481C8A8B276745490DA /* Pods_EasyTransitions_Example.framework in Frameworks */,
			);
			runOnlyForDeploymentPostprocessing = 0;
		};
		607FACE21AFB9204008FA782 /* Frameworks */ = {
			isa = PBXFrameworksBuildPhase;
			buildActionMask = 2147483647;
			files = (
				AEC652E5417A7CD20F019E20 /* Pods_EasyTransitions_Tests.framework in Frameworks */,
			);
			runOnlyForDeploymentPostprocessing = 0;
		};
/* End PBXFrameworksBuildPhase section */

/* Begin PBXGroup section */
		15E7549633B0C03B5E2555AD /* Pods */ = {
			isa = PBXGroup;
			children = (
				16A85F76532608850F963DC3 /* Pods-EasyTransitions_Example.debug.xcconfig */,
				C51D28049D62F8D6165D6379 /* Pods-EasyTransitions_Example.release.xcconfig */,
				3D2E4CA5EC483B251F6C0B21 /* Pods-EasyTransitions_Tests.debug.xcconfig */,
				30DEC79CCF74534776C7743A /* Pods-EasyTransitions_Tests.release.xcconfig */,
				39D38C59D9D6365C92731574 /* Pods-EasyTransitionTVOS.debug.xcconfig */,
				7D2B78568DDE6CBFC64D87A3 /* Pods-EasyTransitionTVOS.release.xcconfig */,
			);
			name = Pods;
			sourceTree = "<group>";
		};
		435DF87B2094C87900E44793 /* EasyTransitionTVOS */ = {
			isa = PBXGroup;
			children = (
				435DF8BE2094EC5D00E44793 /* Classes */,
				435DF8A82094DB0300E44793 /* resources */,
				435DF8802094C87900E44793 /* Main.storyboard */,
				435DF8832094C87C00E44793 /* Assets.xcassets */,
				435DF8852094C87C00E44793 /* Info.plist */,
			);
			path = EasyTransitionTVOS;
			sourceTree = "<group>";
		};
		435DF8A82094DB0300E44793 /* resources */ = {
			isa = PBXGroup;
			children = (
				435DF8A92094DB0300E44793 /* movie_posters */,
			);
			path = resources;
			sourceTree = "<group>";
		};
		435DF8A92094DB0300E44793 /* movie_posters */ = {
			isa = PBXGroup;
			children = (
				435DF8B82094DFA500E44793 /* movie0.jpg */,
				435DF8AA2094DB0300E44793 /* movie2.jpg */,
				435DF8AB2094DB0300E44793 /* movie3.jpg */,
				435DF8AC2094DB0300E44793 /* movie1.jpg */,
				435DF8AD2094DB0300E44793 /* movie4.jpg */,
				435DF8AE2094DB0300E44793 /* movie5.jpg */,
				435DF8B02094DB0300E44793 /* movie6.jpg */,
			);
			path = movie_posters;
			sourceTree = "<group>";
		};
		435DF8BE2094EC5D00E44793 /* Classes */ = {
			isa = PBXGroup;
			children = (
				435DF8C52094EC5D00E44793 /* AppDelegate.swift */,
				43896186209A7B3E00A0FC7D /* Views */,
				43896185209A7B3600A0FC7D /* Models */,
				435DF8BF2094EC5D00E44793 /* ViewControllers */,
			);
			path = Classes;
			sourceTree = "<group>";
		};
		435DF8BF2094EC5D00E44793 /* ViewControllers */ = {
			isa = PBXGroup;
			children = (
				435DF8CA2094EC8300E44793 /* Dashboard */,
				43896188209A7B9900A0FC7D /* MovieDetail */,
			);
			path = ViewControllers;
			sourceTree = "<group>";
		};
		435DF8CA2094EC8300E44793 /* Dashboard */ = {
			isa = PBXGroup;
			children = (
				435DF8CB2094EC8300E44793 /* DashboardViewController.swift */,
			);
			path = Dashboard;
			sourceTree = "<group>";
		};
		43896185209A7B3600A0FC7D /* Models */ = {
			isa = PBXGroup;
			children = (
				4389618F209A7C1600A0FC7D /* MovieData.swift */,
			);
			path = Models;
			sourceTree = "<group>";
		};
		43896186209A7B3E00A0FC7D /* Views */ = {
			isa = PBXGroup;
			children = (
				43896187209A7B3E00A0FC7D /* Cells */,
			);
			path = Views;
			sourceTree = "<group>";
		};
		43896187209A7B3E00A0FC7D /* Cells */ = {
			isa = PBXGroup;
			children = (
				4389618D209A7BCB00A0FC7D /* MoviePosterCell.swift */,
			);
			path = Cells;
			sourceTree = "<group>";
		};
		43896188209A7B9900A0FC7D /* MovieDetail */ = {
			isa = PBXGroup;
			children = (
				43896189209A7B9900A0FC7D /* MovieDetailViewController.swift */,
				4389618A209A7B9900A0FC7D /* MovieDetailViewController.xib */,
			);
			name = MovieDetail;
			path = EasyTransitionTVOS/Classes/ViewControllers/MovieDetail;
			sourceTree = SOURCE_ROOT;
		};
		607FACC71AFB9204008FA782 = {
			isa = PBXGroup;
			children = (
				607FACF51AFB993E008FA782 /* Podspec Metadata */,
				607FACD21AFB9204008FA782 /* Example for EasyTransitions */,
				607FACE81AFB9204008FA782 /* Tests */,
				435DF87B2094C87900E44793 /* EasyTransitionTVOS */,
				607FACD11AFB9204008FA782 /* Products */,
				15E7549633B0C03B5E2555AD /* Pods */,
				A466932F44ADBA3BFCAF2883 /* Frameworks */,
			);
			sourceTree = "<group>";
		};
		607FACD11AFB9204008FA782 /* Products */ = {
			isa = PBXGroup;
			children = (
				607FACD01AFB9204008FA782 /* EasyTransitions_Example.app */,
				607FACE51AFB9204008FA782 /* EasyTransitions_Tests.xctest */,
				435DF87A2094C87900E44793 /* EasyTransitionTVOS.app */,
			);
			name = Products;
			sourceTree = "<group>";
		};
		607FACD21AFB9204008FA782 /* Example for EasyTransitions */ = {
			isa = PBXGroup;
			children = (
				FB29324F207A8F1500223747 /* Models */,
				FB756F5D2078D47300C40C0A /* Extensions */,
				FB756F572078D45800C40C0A /* Style */,
				FB756F442078D41900C40C0A /* Views */,
				FB756F392078D3FD00C40C0A /* ViewControllers */,
				FB756F342078D3E000C40C0A /* Utilities */,
				607FACD51AFB9204008FA782 /* AppDelegate.swift */,
				607FACDC1AFB9204008FA782 /* Images.xcassets */,
				607FACDE1AFB9204008FA782 /* LaunchScreen.xib */,
				607FACD31AFB9204008FA782 /* Supporting Files */,
			);
			name = "Example for EasyTransitions";
			path = EasyTransitions;
			sourceTree = "<group>";
		};
		607FACD31AFB9204008FA782 /* Supporting Files */ = {
			isa = PBXGroup;
			children = (
				607FACD41AFB9204008FA782 /* Info.plist */,
			);
			name = "Supporting Files";
			sourceTree = "<group>";
		};
		607FACE81AFB9204008FA782 /* Tests */ = {
			isa = PBXGroup;
			children = (
				607FACEB1AFB9204008FA782 /* Tests.swift */,
				607FACE91AFB9204008FA782 /* Supporting Files */,
			);
			path = Tests;
			sourceTree = "<group>";
		};
		607FACE91AFB9204008FA782 /* Supporting Files */ = {
			isa = PBXGroup;
			children = (
				607FACEA1AFB9204008FA782 /* Info.plist */,
			);
			name = "Supporting Files";
			sourceTree = "<group>";
		};
		607FACF51AFB993E008FA782 /* Podspec Metadata */ = {
			isa = PBXGroup;
			children = (
				2C51D38B2F4A1002C181AB86 /* EasyTransitions.podspec */,
				6961D27C11E8A36C5028514E /* README.md */,
				510C8401172A49E994AE894A /* LICENSE */,
			);
			name = "Podspec Metadata";
			sourceTree = "<group>";
		};
		A466932F44ADBA3BFCAF2883 /* Frameworks */ = {
			isa = PBXGroup;
			children = (
				65100B46AB43FDD270667D05 /* Pods_EasyTransitions_Example.framework */,
				9FDB7DBBF3E916EFA4DC8DF1 /* Pods_EasyTransitions_Tests.framework */,
				601251CF72C9DBA5A0881BBD /* Pods_EasyTransitionTVOS.framework */,
			);
			name = Frameworks;
			sourceTree = "<group>";
		};
		FB0548E8207F921F00BC37C1 /* Gallery */ = {
			isa = PBXGroup;
			children = (
				FB0548E9207F98B500BC37C1 /* GalleryTableViewController.swift */,
				FB0548F6207FA84700BC37C1 /* CollectionViewController.swift */,
			);
			path = Gallery;
			sourceTree = "<group>";
		};
		FB0548F1207FA5B000BC37C1 /* CoreGraphics */ = {
			isa = PBXGroup;
			children = (
				FB0548F2207FA5BE00BC37C1 /* CGAffineTransform + Custom.swift */,
			);
			path = CoreGraphics;
			sourceTree = "<group>";
		};
		FB201306208B783400549076 /* Presentation */ = {
			isa = PBXGroup;
			children = (
				FB201307208B785300549076 /* BasePresentationViewController.swift */,
				FB201309208B786000549076 /* PresentationViewController.swift */,
				FB20130A208B786000549076 /* PresentationViewController.xib */,
			);
			path = Presentation;
			sourceTree = "<group>";
		};
		FB293242207A6C5B00223747 /* Foundation */ = {
			isa = PBXGroup;
			children = (
				FB293243207A6C7A00223747 /* FunctionalEnumerated.swift */,
			);
			path = Foundation;
			sourceTree = "<group>";
		};
		FB293245207A8D9200223747 /* Today */ = {
			isa = PBXGroup;
			children = (
				FB756F3D2078D40900C40C0A /* AppDetailViewController.swift */,
				FB756F3A2078D40900C40C0A /* AppDetailViewController.xib */,
				FB756F3C2078D40900C40C0A /* TodayCollectionViewController.swift */,
			);
			path = Today;
			sourceTree = "<group>";
		};
		FB29324F207A8F1500223747 /* Models */ = {
			isa = PBXGroup;
			children = (
				FB0548EF207FA01B00BC37C1 /* GalleryItem.swift */,
			);
			path = Models;
			sourceTree = "<group>";
		};
		FB756F342078D3E000C40C0A /* Utilities */ = {
			isa = PBXGroup;
			children = (
				FB756F362078D3ED00C40C0A /* NibLoadbleView.swift */,
				FB756F352078D3ED00C40C0A /* ReusableCells.swift */,
			);
			path = Utilities;
			sourceTree = "<group>";
		};
		FB756F392078D3FD00C40C0A /* ViewControllers */ = {
			isa = PBXGroup;
			children = (
				FB201306208B783400549076 /* Presentation */,
				FB0548E8207F921F00BC37C1 /* Gallery */,
				FB293245207A8D9200223747 /* Today */,
			);
			path = ViewControllers;
			sourceTree = "<group>";
		};
		FB756F442078D41900C40C0A /* Views */ = {
			isa = PBXGroup;
			children = (
				FB756F492078D42E00C40C0A /* CardView */,
				FB756F522078D44200C40C0A /* Cells */,
				FB756F452078D42200C40C0A /* iOSIconImageView.swift */,
				FB29324D207A8ECA00223747 /* CircularImageView.swift */,
				FB756F462078D42300C40C0A /* RoundCornersButton.swift */,
			);
			path = Views;
			sourceTree = "<group>";
		};
		FB756F492078D42E00C40C0A /* CardView */ = {
			isa = PBXGroup;
			children = (
				FB756F4B2078D43700C40C0A /* CardView.swift */,
				FB756F4C2078D43700C40C0A /* CardView.xib */,
				FB756F4A2078D43700C40C0A /* CardViewDelegate.swift */,
			);
			path = CardView;
			sourceTree = "<group>";
		};
		FB756F522078D44200C40C0A /* Cells */ = {
			isa = PBXGroup;
			children = (
				FB756F542078D44E00C40C0A /* TodayCollectionViewCell.swift */,
				FB756F532078D44E00C40C0A /* TodayCollectionViewCell.xib */,
				FB0548EB207F98CE00BC37C1 /* GalleryTableViewCell.swift */,
				FB0548EC207F98CE00BC37C1 /* GalleryTableViewCell.xib */,
				FB0548F8207FA85D00BC37C1 /* ImageCollectionViewCell.swift */,
				FB0548F9207FA85D00BC37C1 /* ImageCollectionViewCell.xib */,
			);
			path = Cells;
			sourceTree = "<group>";
		};
		FB756F572078D45800C40C0A /* Style */ = {
			isa = PBXGroup;
			children = (
				FB756F582078D46200C40C0A /* Shadow */,
			);
			path = Style;
			sourceTree = "<group>";
		};
		FB756F582078D46200C40C0A /* Shadow */ = {
			isa = PBXGroup;
			children = (
				FB756F5A2078D46A00C40C0A /* ShadowStyle.swift */,
				FB756F592078D46A00C40C0A /* UIView + ShadowStyle.swift */,
			);
			path = Shadow;
			sourceTree = "<group>";
		};
		FB756F5D2078D47300C40C0A /* Extensions */ = {
			isa = PBXGroup;
			children = (
				FB0548F1207FA5B000BC37C1 /* CoreGraphics */,
				FB293242207A6C5B00223747 /* Foundation */,
				FB756F5E2078D47800C40C0A /* UIKit */,
			);
			path = Extensions;
			sourceTree = "<group>";
		};
		FB756F5E2078D47800C40C0A /* UIKit */ = {
			isa = PBXGroup;
			children = (
				FB756F5F2078D48100C40C0A /* NSLayoutConstraint + Multiplier.swift */,
				FB756F602078D48100C40C0A /* UIWindow + SafeArea.swift */,
				FB29323E207A64DE00223747 /* UICollectionView + OrderedCells.swift */,
			);
			path = UIKit;
			sourceTree = "<group>";
		};
/* End PBXGroup section */

/* Begin PBXNativeTarget section */
		435DF8792094C87900E44793 /* EasyTransitionTVOS */ = {
			isa = PBXNativeTarget;
			buildConfigurationList = 435DF8882094C87C00E44793 /* Build configuration list for PBXNativeTarget "EasyTransitionTVOS" */;
			buildPhases = (
				07E5280EFF366C52D80998D5 /* [CP] Check Pods Manifest.lock */,
				435DF8762094C87900E44793 /* Sources */,
				435DF8772094C87900E44793 /* Frameworks */,
				435DF8782094C87900E44793 /* Resources */,
				90083963790CC304068CDF7C /* [CP] Embed Pods Frameworks */,
			);
			buildRules = (
			);
			dependencies = (
			);
			name = EasyTransitionTVOS;
			productName = EasyTransitionTVOS;
			productReference = 435DF87A2094C87900E44793 /* EasyTransitionTVOS.app */;
			productType = "com.apple.product-type.application";
		};
		607FACCF1AFB9204008FA782 /* EasyTransitions_Example */ = {
			isa = PBXNativeTarget;
			buildConfigurationList = 607FACEF1AFB9204008FA782 /* Build configuration list for PBXNativeTarget "EasyTransitions_Example" */;
			buildPhases = (
				1A26149ACAC5029C1D80A325 /* [CP] Check Pods Manifest.lock */,
				607FACCC1AFB9204008FA782 /* Sources */,
				607FACCD1AFB9204008FA782 /* Frameworks */,
				607FACCE1AFB9204008FA782 /* Resources */,
				39373F97A65FAC506C43FA2E /* [CP] Embed Pods Frameworks */,
			);
			buildRules = (
			);
			dependencies = (
			);
			name = EasyTransitions_Example;
			productName = EasyTransitions;
			productReference = 607FACD01AFB9204008FA782 /* EasyTransitions_Example.app */;
			productType = "com.apple.product-type.application";
		};
		607FACE41AFB9204008FA782 /* EasyTransitions_Tests */ = {
			isa = PBXNativeTarget;
			buildConfigurationList = 607FACF21AFB9204008FA782 /* Build configuration list for PBXNativeTarget "EasyTransitions_Tests" */;
			buildPhases = (
				409F135E94EA41F44EDDFCBD /* [CP] Check Pods Manifest.lock */,
				607FACE11AFB9204008FA782 /* Sources */,
				607FACE21AFB9204008FA782 /* Frameworks */,
				607FACE31AFB9204008FA782 /* Resources */,
			);
			buildRules = (
			);
			dependencies = (
				607FACE71AFB9204008FA782 /* PBXTargetDependency */,
			);
			name = EasyTransitions_Tests;
			productName = Tests;
			productReference = 607FACE51AFB9204008FA782 /* EasyTransitions_Tests.xctest */;
			productType = "com.apple.product-type.bundle.unit-test";
		};
/* End PBXNativeTarget section */

/* Begin PBXProject section */
		607FACC81AFB9204008FA782 /* Project object */ = {
			isa = PBXProject;
			attributes = {
				LastSwiftUpdateCheck = 0930;
				LastUpgradeCheck = 0930;
				ORGANIZATIONNAME = CocoaPods;
				TargetAttributes = {
					435DF8792094C87900E44793 = {
						CreatedOnToolsVersion = 9.3;
						ProvisioningStyle = Automatic;
					};
					607FACCF1AFB9204008FA782 = {
						CreatedOnToolsVersion = 6.3.1;
						DevelopmentTeam = 8PC4X7QUY9;
						LastSwiftMigration = 1110;
					};
					607FACE41AFB9204008FA782 = {
						CreatedOnToolsVersion = 6.3.1;
						DevelopmentTeam = 8PC4X7QUY9;
						LastSwiftMigration = 1110;
						TestTargetID = 607FACCF1AFB9204008FA782;
					};
				};
			};
			buildConfigurationList = 607FACCB1AFB9204008FA782 /* Build configuration list for PBXProject "EasyTransitions" */;
			compatibilityVersion = "Xcode 3.2";
			developmentRegion = English;
			hasScannedForEncodings = 0;
			knownRegions = (
				English,
				en,
				Base,
			);
			mainGroup = 607FACC71AFB9204008FA782;
			productRefGroup = 607FACD11AFB9204008FA782 /* Products */;
			projectDirPath = "";
			projectRoot = "";
			targets = (
				607FACCF1AFB9204008FA782 /* EasyTransitions_Example */,
				607FACE41AFB9204008FA782 /* EasyTransitions_Tests */,
				435DF8792094C87900E44793 /* EasyTransitionTVOS */,
			);
		};
/* End PBXProject section */

/* Begin PBXResourcesBuildPhase section */
		435DF8782094C87900E44793 /* Resources */ = {
			isa = PBXResourcesBuildPhase;
			buildActionMask = 2147483647;
			files = (
				4389618C209A7B9900A0FC7D /* MovieDetailViewController.xib in Resources */,
				435DF8B92094DFA500E44793 /* movie0.jpg in Resources */,
				435DF8B22094DB0300E44793 /* movie3.jpg in Resources */,
				435DF8B72094DB0300E44793 /* movie6.jpg in Resources */,
				435DF8B52094DB0300E44793 /* movie5.jpg in Resources */,
				435DF8B42094DB0300E44793 /* movie4.jpg in Resources */,
				435DF8B32094DB0300E44793 /* movie1.jpg in Resources */,
				435DF8B12094DB0300E44793 /* movie2.jpg in Resources */,
				435DF8842094C87C00E44793 /* Assets.xcassets in Resources */,
				435DF8822094C87900E44793 /* Main.storyboard in Resources */,
			);
			runOnlyForDeploymentPostprocessing = 0;
		};
		607FACCE1AFB9204008FA782 /* Resources */ = {
			isa = PBXResourcesBuildPhase;
			buildActionMask = 2147483647;
			files = (
				607FACE01AFB9204008FA782 /* LaunchScreen.xib in Resources */,
				FB756F502078D43700C40C0A /* CardView.xib in Resources */,
				FB20130C208B786000549076 /* PresentationViewController.xib in Resources */,
				607FACDD1AFB9204008FA782 /* Images.xcassets in Resources */,
				FB0548FB207FA85D00BC37C1 /* ImageCollectionViewCell.xib in Resources */,
				FB756F552078D44E00C40C0A /* TodayCollectionViewCell.xib in Resources */,
				FB0548EE207F98CE00BC37C1 /* GalleryTableViewCell.xib in Resources */,
				FB756F3F2078D40900C40C0A /* AppDetailViewController.xib in Resources */,
			);
			runOnlyForDeploymentPostprocessing = 0;
		};
		607FACE31AFB9204008FA782 /* Resources */ = {
			isa = PBXResourcesBuildPhase;
			buildActionMask = 2147483647;
			files = (
			);
			runOnlyForDeploymentPostprocessing = 0;
		};
/* End PBXResourcesBuildPhase section */

/* Begin PBXShellScriptBuildPhase section */
		07E5280EFF366C52D80998D5 /* [CP] Check Pods Manifest.lock */ = {
			isa = PBXShellScriptBuildPhase;
			buildActionMask = 2147483647;
			files = (
			);
			inputPaths = (
				"${PODS_PODFILE_DIR_PATH}/Podfile.lock",
				"${PODS_ROOT}/Manifest.lock",
			);
			name = "[CP] Check Pods Manifest.lock";
			outputPaths = (
				"$(DERIVED_FILE_DIR)/Pods-EasyTransitionTVOS-checkManifestLockResult.txt",
			);
			runOnlyForDeploymentPostprocessing = 0;
			shellPath = /bin/sh;
			shellScript = "diff \"${PODS_PODFILE_DIR_PATH}/Podfile.lock\" \"${PODS_ROOT}/Manifest.lock\" > /dev/null\nif [ $? != 0 ] ; then\n    # print error to STDERR\n    echo \"error: The sandbox is not in sync with the Podfile.lock. Run 'pod install' or update your CocoaPods installation.\" >&2\n    exit 1\nfi\n# This output is used by Xcode 'outputs' to avoid re-running this script phase.\necho \"SUCCESS\" > \"${SCRIPT_OUTPUT_FILE_0}\"\n";
			showEnvVarsInLog = 0;
		};
		1A26149ACAC5029C1D80A325 /* [CP] Check Pods Manifest.lock */ = {
			isa = PBXShellScriptBuildPhase;
			buildActionMask = 2147483647;
			files = (
			);
			inputPaths = (
				"${PODS_PODFILE_DIR_PATH}/Podfile.lock",
				"${PODS_ROOT}/Manifest.lock",
			);
			name = "[CP] Check Pods Manifest.lock";
			outputPaths = (
				"$(DERIVED_FILE_DIR)/Pods-EasyTransitions_Example-checkManifestLockResult.txt",
			);
			runOnlyForDeploymentPostprocessing = 0;
			shellPath = /bin/sh;
			shellScript = "diff \"${PODS_PODFILE_DIR_PATH}/Podfile.lock\" \"${PODS_ROOT}/Manifest.lock\" > /dev/null\nif [ $? != 0 ] ; then\n    # print error to STDERR\n    echo \"error: The sandbox is not in sync with the Podfile.lock. Run 'pod install' or update your CocoaPods installation.\" >&2\n    exit 1\nfi\n# This output is used by Xcode 'outputs' to avoid re-running this script phase.\necho \"SUCCESS\" > \"${SCRIPT_OUTPUT_FILE_0}\"\n";
			showEnvVarsInLog = 0;
		};
		39373F97A65FAC506C43FA2E /* [CP] Embed Pods Frameworks */ = {
			isa = PBXShellScriptBuildPhase;
			buildActionMask = 2147483647;
			files = (
			);
			inputPaths = (
				"${PODS_ROOT}/Target Support Files/Pods-EasyTransitions_Example/Pods-EasyTransitions_Example-frameworks.sh",
				"${BUILT_PRODUCTS_DIR}/EasyTransitions-iOS/EasyTransitions.framework",
			);
			name = "[CP] Embed Pods Frameworks";
			outputPaths = (
				"${TARGET_BUILD_DIR}/${FRAMEWORKS_FOLDER_PATH}/EasyTransitions.framework",
			);
			runOnlyForDeploymentPostprocessing = 0;
			shellPath = /bin/sh;
			shellScript = "\"${PODS_ROOT}/Target Support Files/Pods-EasyTransitions_Example/Pods-EasyTransitions_Example-frameworks.sh\"\n";
			showEnvVarsInLog = 0;
		};
		409F135E94EA41F44EDDFCBD /* [CP] Check Pods Manifest.lock */ = {
			isa = PBXShellScriptBuildPhase;
			buildActionMask = 2147483647;
			files = (
			);
			inputPaths = (
				"${PODS_PODFILE_DIR_PATH}/Podfile.lock",
				"${PODS_ROOT}/Manifest.lock",
			);
			name = "[CP] Check Pods Manifest.lock";
			outputPaths = (
				"$(DERIVED_FILE_DIR)/Pods-EasyTransitions_Tests-checkManifestLockResult.txt",
			);
			runOnlyForDeploymentPostprocessing = 0;
			shellPath = /bin/sh;
			shellScript = "diff \"${PODS_PODFILE_DIR_PATH}/Podfile.lock\" \"${PODS_ROOT}/Manifest.lock\" > /dev/null\nif [ $? != 0 ] ; then\n    # print error to STDERR\n    echo \"error: The sandbox is not in sync with the Podfile.lock. Run 'pod install' or update your CocoaPods installation.\" >&2\n    exit 1\nfi\n# This output is used by Xcode 'outputs' to avoid re-running this script phase.\necho \"SUCCESS\" > \"${SCRIPT_OUTPUT_FILE_0}\"\n";
			showEnvVarsInLog = 0;
		};
		90083963790CC304068CDF7C /* [CP] Embed Pods Frameworks */ = {
			isa = PBXShellScriptBuildPhase;
			buildActionMask = 2147483647;
			files = (
			);
			inputPaths = (
				"${PODS_ROOT}/Target Support Files/Pods-EasyTransitionTVOS/Pods-EasyTransitionTVOS-frameworks.sh",
				"${BUILT_PRODUCTS_DIR}/EasyTransitions-tvOS/EasyTransitions.framework",
			);
			name = "[CP] Embed Pods Frameworks";
			outputPaths = (
				"${TARGET_BUILD_DIR}/${FRAMEWORKS_FOLDER_PATH}/EasyTransitions.framework",
			);
			runOnlyForDeploymentPostprocessing = 0;
			shellPath = /bin/sh;
			shellScript = "\"${PODS_ROOT}/Target Support Files/Pods-EasyTransitionTVOS/Pods-EasyTransitionTVOS-frameworks.sh\"\n";
			showEnvVarsInLog = 0;
		};
/* End PBXShellScriptBuildPhase section */

/* Begin PBXSourcesBuildPhase section */
		435DF8762094C87900E44793 /* Sources */ = {
			isa = PBXSourcesBuildPhase;
			buildActionMask = 2147483647;
			files = (
				435DF8C92094EC5D00E44793 /* AppDelegate.swift in Sources */,
				4389618E209A7BCB00A0FC7D /* MoviePosterCell.swift in Sources */,
				4389618B209A7B9900A0FC7D /* MovieDetailViewController.swift in Sources */,
				43896190209A7C1600A0FC7D /* MovieData.swift in Sources */,
				435DF8CF2094EC8300E44793 /* DashboardViewController.swift in Sources */,
			);
			runOnlyForDeploymentPostprocessing = 0;
		};
		607FACCC1AFB9204008FA782 /* Sources */ = {
			isa = PBXSourcesBuildPhase;
			buildActionMask = 2147483647;
			files = (
				FB0548FA207FA85D00BC37C1 /* ImageCollectionViewCell.swift in Sources */,
				FB0548EA207F98B500BC37C1 /* GalleryTableViewController.swift in Sources */,
				FB0548F0207FA01B00BC37C1 /* GalleryItem.swift in Sources */,
				FB756F622078D48100C40C0A /* UIWindow + SafeArea.swift in Sources */,
				FB756F612078D48100C40C0A /* NSLayoutConstraint + Multiplier.swift in Sources */,
				FB20130B208B786000549076 /* PresentationViewController.swift in Sources */,
				FB29323F207A64DE00223747 /* UICollectionView + OrderedCells.swift in Sources */,
				FB756F372078D3ED00C40C0A /* ReusableCells.swift in Sources */,
				FB293244207A6C7A00223747 /* FunctionalEnumerated.swift in Sources */,
				FB0548F3207FA5BE00BC37C1 /* CGAffineTransform + Custom.swift in Sources */,
				FB756F5C2078D46A00C40C0A /* ShadowStyle.swift in Sources */,
				FB0548ED207F98CE00BC37C1 /* GalleryTableViewCell.swift in Sources */,
				FB756F412078D40900C40C0A /* TodayCollectionViewController.swift in Sources */,
				FB0548F7207FA84700BC37C1 /* CollectionViewController.swift in Sources */,
				FB756F382078D3ED00C40C0A /* NibLoadbleView.swift in Sources */,
				FB756F5B2078D46A00C40C0A /* UIView + ShadowStyle.swift in Sources */,
				FB756F422078D40900C40C0A /* AppDetailViewController.swift in Sources */,
				FB756F472078D42300C40C0A /* iOSIconImageView.swift in Sources */,
				FB756F482078D42300C40C0A /* RoundCornersButton.swift in Sources */,
				607FACD61AFB9204008FA782 /* AppDelegate.swift in Sources */,
				FB29324E207A8ECA00223747 /* CircularImageView.swift in Sources */,
				FB756F4E2078D43700C40C0A /* CardViewDelegate.swift in Sources */,
				FB201308208B785300549076 /* BasePresentationViewController.swift in Sources */,
				FB756F4F2078D43700C40C0A /* CardView.swift in Sources */,
				FB756F562078D44E00C40C0A /* TodayCollectionViewCell.swift in Sources */,
			);
			runOnlyForDeploymentPostprocessing = 0;
		};
		607FACE11AFB9204008FA782 /* Sources */ = {
			isa = PBXSourcesBuildPhase;
			buildActionMask = 2147483647;
			files = (
				607FACEC1AFB9204008FA782 /* Tests.swift in Sources */,
			);
			runOnlyForDeploymentPostprocessing = 0;
		};
/* End PBXSourcesBuildPhase section */

/* Begin PBXTargetDependency section */
		607FACE71AFB9204008FA782 /* PBXTargetDependency */ = {
			isa = PBXTargetDependency;
			target = 607FACCF1AFB9204008FA782 /* EasyTransitions_Example */;
			targetProxy = 607FACE61AFB9204008FA782 /* PBXContainerItemProxy */;
		};
/* End PBXTargetDependency section */

/* Begin PBXVariantGroup section */
		435DF8802094C87900E44793 /* Main.storyboard */ = {
			isa = PBXVariantGroup;
			children = (
				435DF8812094C87900E44793 /* Base */,
			);
			name = Main.storyboard;
			sourceTree = "<group>";
		};
		607FACDE1AFB9204008FA782 /* LaunchScreen.xib */ = {
			isa = PBXVariantGroup;
			children = (
				607FACDF1AFB9204008FA782 /* Base */,
			);
			name = LaunchScreen.xib;
			sourceTree = "<group>";
		};
/* End PBXVariantGroup section */

/* Begin XCBuildConfiguration section */
		435DF8862094C87C00E44793 /* Debug */ = {
			isa = XCBuildConfiguration;
			baseConfigurationReference = 39D38C59D9D6365C92731574 /* Pods-EasyTransitionTVOS.debug.xcconfig */;
			buildSettings = {
				ASSETCATALOG_COMPILER_APPICON_NAME = "App Icon & Top Shelf Image";
				ASSETCATALOG_COMPILER_LAUNCHIMAGE_NAME = LaunchImage;
				CLANG_ANALYZER_NONNULL = YES;
				CLANG_ANALYZER_NUMBER_OBJECT_CONVERSION = YES_AGGRESSIVE;
				CLANG_CXX_LANGUAGE_STANDARD = "gnu++14";
				CLANG_ENABLE_OBJC_WEAK = YES;
				CLANG_WARN_DOCUMENTATION_COMMENTS = YES;
				CLANG_WARN_UNGUARDED_AVAILABILITY = YES_AGGRESSIVE;
				CODE_SIGN_STYLE = Automatic;
				DEBUG_INFORMATION_FORMAT = dwarf;
				GCC_C_LANGUAGE_STANDARD = gnu11;
				INFOPLIST_FILE = EasyTransitionTVOS/Info.plist;
				LD_RUNPATH_SEARCH_PATHS = "$(inherited) @executable_path/Frameworks";
				PRODUCT_BUNDLE_IDENTIFIER = "org.cocoapods.demo.EasyTransitions-tvOS-Example.EasyTransitionTVOS";
				PRODUCT_NAME = "$(TARGET_NAME)";
				SDKROOT = appletvos;
				SWIFT_ACTIVE_COMPILATION_CONDITIONS = DEBUG;
				SWIFT_VERSION = 4.2;
				TARGETED_DEVICE_FAMILY = 3;
				TVOS_DEPLOYMENT_TARGET = 11.3;
			};
			name = Debug;
		};
		435DF8872094C87C00E44793 /* Release */ = {
			isa = XCBuildConfiguration;
			baseConfigurationReference = 7D2B78568DDE6CBFC64D87A3 /* Pods-EasyTransitionTVOS.release.xcconfig */;
			buildSettings = {
				ASSETCATALOG_COMPILER_APPICON_NAME = "App Icon & Top Shelf Image";
				ASSETCATALOG_COMPILER_LAUNCHIMAGE_NAME = LaunchImage;
				CLANG_ANALYZER_NONNULL = YES;
				CLANG_ANALYZER_NUMBER_OBJECT_CONVERSION = YES_AGGRESSIVE;
				CLANG_CXX_LANGUAGE_STANDARD = "gnu++14";
				CLANG_ENABLE_OBJC_WEAK = YES;
				CLANG_WARN_DOCUMENTATION_COMMENTS = YES;
				CLANG_WARN_UNGUARDED_AVAILABILITY = YES_AGGRESSIVE;
				CODE_SIGN_STYLE = Automatic;
				GCC_C_LANGUAGE_STANDARD = gnu11;
				INFOPLIST_FILE = EasyTransitionTVOS/Info.plist;
				LD_RUNPATH_SEARCH_PATHS = "$(inherited) @executable_path/Frameworks";
				PRODUCT_BUNDLE_IDENTIFIER = "org.cocoapods.demo.EasyTransitions-tvOS-Example.EasyTransitionTVOS";
				PRODUCT_NAME = "$(TARGET_NAME)";
				SDKROOT = appletvos;
				SWIFT_VERSION = 4.2;
				TARGETED_DEVICE_FAMILY = 3;
				TVOS_DEPLOYMENT_TARGET = 11.3;
			};
			name = Release;
		};
		607FACED1AFB9204008FA782 /* Debug */ = {
			isa = XCBuildConfiguration;
			buildSettings = {
				ALWAYS_SEARCH_USER_PATHS = NO;
				CLANG_CXX_LANGUAGE_STANDARD = "gnu++0x";
				CLANG_CXX_LIBRARY = "libc++";
				CLANG_ENABLE_MODULES = YES;
				CLANG_ENABLE_OBJC_ARC = YES;
				CLANG_WARN_BLOCK_CAPTURE_AUTORELEASING = YES;
				CLANG_WARN_BOOL_CONVERSION = YES;
				CLANG_WARN_COMMA = YES;
				CLANG_WARN_CONSTANT_CONVERSION = YES;
				CLANG_WARN_DEPRECATED_OBJC_IMPLEMENTATIONS = YES;
				CLANG_WARN_DIRECT_OBJC_ISA_USAGE = YES_ERROR;
				CLANG_WARN_EMPTY_BODY = YES;
				CLANG_WARN_ENUM_CONVERSION = YES;
				CLANG_WARN_INFINITE_RECURSION = YES;
				CLANG_WARN_INT_CONVERSION = YES;
				CLANG_WARN_NON_LITERAL_NULL_CONVERSION = YES;
				CLANG_WARN_OBJC_IMPLICIT_RETAIN_SELF = YES;
				CLANG_WARN_OBJC_LITERAL_CONVERSION = YES;
				CLANG_WARN_OBJC_ROOT_CLASS = YES_ERROR;
				CLANG_WARN_RANGE_LOOP_ANALYSIS = YES;
				CLANG_WARN_STRICT_PROTOTYPES = YES;
				CLANG_WARN_SUSPICIOUS_MOVE = YES;
				CLANG_WARN_UNREACHABLE_CODE = YES;
				CLANG_WARN__DUPLICATE_METHOD_MATCH = YES;
				"CODE_SIGN_IDENTITY[sdk=iphoneos*]" = "iPhone Developer";
				COPY_PHASE_STRIP = NO;
				DEBUG_INFORMATION_FORMAT = "dwarf-with-dsym";
				ENABLE_STRICT_OBJC_MSGSEND = YES;
				ENABLE_TESTABILITY = YES;
				GCC_C_LANGUAGE_STANDARD = gnu99;
				GCC_DYNAMIC_NO_PIC = NO;
				GCC_NO_COMMON_BLOCKS = YES;
				GCC_OPTIMIZATION_LEVEL = 0;
				GCC_PREPROCESSOR_DEFINITIONS = (
					"DEBUG=1",
					"$(inherited)",
				);
				GCC_SYMBOLS_PRIVATE_EXTERN = NO;
				GCC_WARN_64_TO_32_BIT_CONVERSION = YES;
				GCC_WARN_ABOUT_RETURN_TYPE = YES_ERROR;
				GCC_WARN_UNDECLARED_SELECTOR = YES;
				GCC_WARN_UNINITIALIZED_AUTOS = YES_AGGRESSIVE;
				GCC_WARN_UNUSED_FUNCTION = YES;
				GCC_WARN_UNUSED_VARIABLE = YES;
				IPHONEOS_DEPLOYMENT_TARGET = 10.0;
				MTL_ENABLE_DEBUG_INFO = YES;
				ONLY_ACTIVE_ARCH = YES;
				SDKROOT = iphoneos;
				SWIFT_OPTIMIZATION_LEVEL = "-Onone";
				SWIFT_VERSION = 4.2;
			};
			name = Debug;
		};
		607FACEE1AFB9204008FA782 /* Release */ = {
			isa = XCBuildConfiguration;
			buildSettings = {
				ALWAYS_SEARCH_USER_PATHS = NO;
				CLANG_CXX_LANGUAGE_STANDARD = "gnu++0x";
				CLANG_CXX_LIBRARY = "libc++";
				CLANG_ENABLE_MODULES = YES;
				CLANG_ENABLE_OBJC_ARC = YES;
				CLANG_WARN_BLOCK_CAPTURE_AUTORELEASING = YES;
				CLANG_WARN_BOOL_CONVERSION = YES;
				CLANG_WARN_COMMA = YES;
				CLANG_WARN_CONSTANT_CONVERSION = YES;
				CLANG_WARN_DEPRECATED_OBJC_IMPLEMENTATIONS = YES;
				CLANG_WARN_DIRECT_OBJC_ISA_USAGE = YES_ERROR;
				CLANG_WARN_EMPTY_BODY = YES;
				CLANG_WARN_ENUM_CONVERSION = YES;
				CLANG_WARN_INFINITE_RECURSION = YES;
				CLANG_WARN_INT_CONVERSION = YES;
				CLANG_WARN_NON_LITERAL_NULL_CONVERSION = YES;
				CLANG_WARN_OBJC_IMPLICIT_RETAIN_SELF = YES;
				CLANG_WARN_OBJC_LITERAL_CONVERSION = YES;
				CLANG_WARN_OBJC_ROOT_CLASS = YES_ERROR;
				CLANG_WARN_RANGE_LOOP_ANALYSIS = YES;
				CLANG_WARN_STRICT_PROTOTYPES = YES;
				CLANG_WARN_SUSPICIOUS_MOVE = YES;
				CLANG_WARN_UNREACHABLE_CODE = YES;
				CLANG_WARN__DUPLICATE_METHOD_MATCH = YES;
				"CODE_SIGN_IDENTITY[sdk=iphoneos*]" = "iPhone Developer";
				COPY_PHASE_STRIP = NO;
				DEBUG_INFORMATION_FORMAT = "dwarf-with-dsym";
				ENABLE_NS_ASSERTIONS = NO;
				ENABLE_STRICT_OBJC_MSGSEND = YES;
				GCC_C_LANGUAGE_STANDARD = gnu99;
				GCC_NO_COMMON_BLOCKS = YES;
				GCC_WARN_64_TO_32_BIT_CONVERSION = YES;
				GCC_WARN_ABOUT_RETURN_TYPE = YES_ERROR;
				GCC_WARN_UNDECLARED_SELECTOR = YES;
				GCC_WARN_UNINITIALIZED_AUTOS = YES_AGGRESSIVE;
				GCC_WARN_UNUSED_FUNCTION = YES;
				GCC_WARN_UNUSED_VARIABLE = YES;
				IPHONEOS_DEPLOYMENT_TARGET = 10.0;
				MTL_ENABLE_DEBUG_INFO = NO;
				SDKROOT = iphoneos;
				SWIFT_OPTIMIZATION_LEVEL = "-Owholemodule";
				SWIFT_VERSION = 4.2;
				VALIDATE_PRODUCT = YES;
			};
			name = Release;
		};
		607FACF01AFB9204008FA782 /* Debug */ = {
			isa = XCBuildConfiguration;
			baseConfigurationReference = 16A85F76532608850F963DC3 /* Pods-EasyTransitions_Example.debug.xcconfig */;
			buildSettings = {
				ASSETCATALOG_COMPILER_APPICON_NAME = AppIcon;
				DEVELOPMENT_TEAM = 8PC4X7QUY9;
				INFOPLIST_FILE = EasyTransitions/Info.plist;
				IPHONEOS_DEPLOYMENT_TARGET = 10.0;
				LD_RUNPATH_SEARCH_PATHS = "$(inherited) @executable_path/Frameworks";
				MODULE_NAME = ExampleApp;
				PRODUCT_BUNDLE_IDENTIFIER = "org.cocoapods.demo.$(PRODUCT_NAME:rfc1034identifier)";
				PRODUCT_NAME = "$(TARGET_NAME)";
				SWIFT_SWIFT3_OBJC_INFERENCE = Default;
				SWIFT_VERSION = 5.0;
				TARGETED_DEVICE_FAMILY = "1,2";
			};
			name = Debug;
		};
		607FACF11AFB9204008FA782 /* Release */ = {
			isa = XCBuildConfiguration;
			baseConfigurationReference = C51D28049D62F8D6165D6379 /* Pods-EasyTransitions_Example.release.xcconfig */;
			buildSettings = {
				ASSETCATALOG_COMPILER_APPICON_NAME = AppIcon;
				DEVELOPMENT_TEAM = 8PC4X7QUY9;
				INFOPLIST_FILE = EasyTransitions/Info.plist;
				IPHONEOS_DEPLOYMENT_TARGET = 10.0;
				LD_RUNPATH_SEARCH_PATHS = "$(inherited) @executable_path/Frameworks";
				MODULE_NAME = ExampleApp;
				PRODUCT_BUNDLE_IDENTIFIER = "org.cocoapods.demo.$(PRODUCT_NAME:rfc1034identifier)";
				PRODUCT_NAME = "$(TARGET_NAME)";
				SWIFT_SWIFT3_OBJC_INFERENCE = Default;
				SWIFT_VERSION = 5.0;
				TARGETED_DEVICE_FAMILY = "1,2";
			};
			name = Release;
		};
		607FACF31AFB9204008FA782 /* Debug */ = {
			isa = XCBuildConfiguration;
			baseConfigurationReference = 3D2E4CA5EC483B251F6C0B21 /* Pods-EasyTransitions_Tests.debug.xcconfig */;
			buildSettings = {
				DEVELOPMENT_TEAM = 8PC4X7QUY9;
				FRAMEWORK_SEARCH_PATHS = (
					"$(SDKROOT)/Developer/Library/Frameworks",
					"$(inherited)",
				);
				GCC_PREPROCESSOR_DEFINITIONS = (
					"DEBUG=1",
					"$(inherited)",
				);
				INFOPLIST_FILE = Tests/Info.plist;
				LD_RUNPATH_SEARCH_PATHS = "$(inherited) @executable_path/Frameworks @loader_path/Frameworks";
				PRODUCT_BUNDLE_IDENTIFIER = "org.cocoapods.$(PRODUCT_NAME:rfc1034identifier)";
				PRODUCT_NAME = "$(TARGET_NAME)";
				SWIFT_SWIFT3_OBJC_INFERENCE = Default;
				SWIFT_VERSION = 5.0;
			};
			name = Debug;
		};
		607FACF41AFB9204008FA782 /* Release */ = {
			isa = XCBuildConfiguration;
			baseConfigurationReference = 30DEC79CCF74534776C7743A /* Pods-EasyTransitions_Tests.release.xcconfig */;
			buildSettings = {
				DEVELOPMENT_TEAM = 8PC4X7QUY9;
				FRAMEWORK_SEARCH_PATHS = (
					"$(SDKROOT)/Developer/Library/Frameworks",
					"$(inherited)",
				);
				INFOPLIST_FILE = Tests/Info.plist;
				LD_RUNPATH_SEARCH_PATHS = "$(inherited) @executable_path/Frameworks @loader_path/Frameworks";
				PRODUCT_BUNDLE_IDENTIFIER = "org.cocoapods.$(PRODUCT_NAME:rfc1034identifier)";
				PRODUCT_NAME = "$(TARGET_NAME)";
				SWIFT_SWIFT3_OBJC_INFERENCE = Default;
				SWIFT_VERSION = 5.0;
			};
			name = Release;
		};
/* End XCBuildConfiguration section */

/* Begin XCConfigurationList section */
		435DF8882094C87C00E44793 /* Build configuration list for PBXNativeTarget "EasyTransitionTVOS" */ = {
			isa = XCConfigurationList;
			buildConfigurations = (
				435DF8862094C87C00E44793 /* Debug */,
				435DF8872094C87C00E44793 /* Release */,
			);
			defaultConfigurationIsVisible = 0;
			defaultConfigurationName = Release;
		};
		607FACCB1AFB9204008FA782 /* Build configuration list for PBXProject "EasyTransitions" */ = {
			isa = XCConfigurationList;
			buildConfigurations = (
				607FACED1AFB9204008FA782 /* Debug */,
				607FACEE1AFB9204008FA782 /* Release */,
			);
			defaultConfigurationIsVisible = 0;
			defaultConfigurationName = Release;
		};
		607FACEF1AFB9204008FA782 /* Build configuration list for PBXNativeTarget "EasyTransitions_Example" */ = {
			isa = XCConfigurationList;
			buildConfigurations = (
				607FACF01AFB9204008FA782 /* Debug */,
				607FACF11AFB9204008FA782 /* Release */,
			);
			defaultConfigurationIsVisible = 0;
			defaultConfigurationName = Release;
		};
		607FACF21AFB9204008FA782 /* Build configuration list for PBXNativeTarget "EasyTransitions_Tests" */ = {
			isa = XCConfigurationList;
			buildConfigurations = (
				607FACF31AFB9204008FA782 /* Debug */,
				607FACF41AFB9204008FA782 /* Release */,
			);
			defaultConfigurationIsVisible = 0;
			defaultConfigurationName = Release;
		};
/* End XCConfigurationList section */
	};
	rootObject = 607FACC81AFB9204008FA782 /* Project object */;
}
